Microsoft Visual Studio Solution File, Format Version 12.00
# Visual Studio Version 17
VisualStudioVersion = 17.8.34316.72
MinimumVisualStudioVersion = 10.0.40219.1
Project("{2150E333-8FDC-42A3-9474-1A3956D46DE8}") = "Backend", "Backend", "{959889CC-2328-4BF2-914F-626CFC41E967}"
EndProject
Project("{2150E333-8FDC-42A3-9474-1A3956D46DE8}") = "HangryHub.DeliveryService", "HangryHub.DeliveryService", "{D6F8F2D1-2BB0-4EE9-9C9C-1CC8E98ED8B2}"
EndProject
Project("{2150E333-8FDC-42A3-9474-1A3956D46DE8}") = "HangryHub.MainService", "HangryHub.MainService", "{0D4ADA4F-0691-495A-8E7B-02281F43DD55}"
EndProject
Project("{2150E333-8FDC-42A3-9474-1A3956D46DE8}") = "HangryHub.OrderService", "HangryHub.OrderService", "{637717A4-8B45-4F5E-9DF9-4B42505B0A08}"
EndProject
Project("{2150E333-8FDC-42A3-9474-1A3956D46DE8}") = "HangryHub.RestaurantService", "HangryHub.RestaurantService", "{CAB15C38-DC80-40FA-8C99-5AB5BEE8B373}"
EndProject
Project("{9A19103F-16F7-4668-BE54-9A1E7A4F7556}") = "HangryHub.RestaurantService.Application", "Backend\HangryHub.RestaurantService\HangryHub.RestaurantService.Application\HangryHub.RestaurantService.Application.csproj", "{1A505E64-A032-4F1A-9FC6-29EB53A659C8}"
EndProject
Project("{9A19103F-16F7-4668-BE54-9A1E7A4F7556}") = "HangryHub.RestaurantService.Contracts", "Backend\HangryHub.RestaurantService\HangryHub.RestaurantService.Contracts\HangryHub.RestaurantService.Contracts.csproj", "{AAE908D8-7AB9-4653-9BF3-91A4A22144F3}"
EndProject
Project("{9A19103F-16F7-4668-BE54-9A1E7A4F7556}") = "HangryHub.RestaurantService.Domain", "Backend\HangryHub.RestaurantService\HangryHub.RestaurantService.Domain\HangryHub.RestaurantService.Domain.csproj", "{93D3F45E-5104-45BB-8865-CB610E10569C}"
EndProject
Project("{9A19103F-16F7-4668-BE54-9A1E7A4F7556}") = "HangryHub.RestaurantService.Host", "Backend\HangryHub.RestaurantService\HangryHub.RestaurantService.Host\HangryHub.RestaurantService.Host.csproj", "{3AE916BF-FD09-4675-9F6B-88D20402D718}"
EndProject
Project("{9A19103F-16F7-4668-BE54-9A1E7A4F7556}") = "HangryHub.RestaurantService.Infrastructure", "Backend\HangryHub.RestaurantService\HangryHub.RestaurantService.Infrastructure\HangryHub.RestaurantService.Infrastructure.csproj", "{133FAE2B-FC6E-40F7-BC5B-AE95468CDE73}"
EndProject
Project("{9A19103F-16F7-4668-BE54-9A1E7A4F7556}") = "HangryHub.RestaurantService.Presentation", "Backend\HangryHub.RestaurantService\HangryHub.RestaurantService.Presentation\HangryHub.RestaurantService.Presentation.csproj", "{F35F23B2-139C-4BF7-9FC0-935CBB1CC543}"
EndProject
Project("{9A19103F-16F7-4668-BE54-9A1E7A4F7556}") = "HangryHub.DeliveryService.Application", "Backend\HangryHub.DeliveryService\HangryHub.DeliveryService.Application\HangryHub.DeliveryService.Application.csproj", "{C06A75BE-44F3-4587-9B18-C8B46ACA9724}"
EndProject
Project("{9A19103F-16F7-4668-BE54-9A1E7A4F7556}") = "HangryHub.DeliveryService.Infrastructure", "Backend\HangryHub.DeliveryService\HangryHub.DeliveryService.Infrastructure\HangryHub.DeliveryService.Infrastructure.csproj", "{4ED2BB0E-1D2F-4373-AF50-2E668E215778}"
EndProject
Project("{9A19103F-16F7-4668-BE54-9A1E7A4F7556}") = "HangryHub.DeliveryService.Domain", "Backend\HangryHub.DeliveryService\HangryHub.DeliveryService.Domain\HangryHub.DeliveryService.Domain.csproj", "{2C022B5C-280E-4A9B-AFE9-E20617AC80AA}"
EndProject
Project("{9A19103F-16F7-4668-BE54-9A1E7A4F7556}") = "HangryHub.DeliveryService.API", "Backend\HangryHub.DeliveryService\HangryHub.DeliveryService.API\HangryHub.DeliveryService.API.csproj", "{517FF4EC-E9FC-4ABD-91EB-132D14516DD3}"
EndProject
Project("{9A19103F-16F7-4668-BE54-9A1E7A4F7556}") = "HangryHub.OrderService.Core", "Backend\HangryHub.OrderService\HangryHub.OrderService.Core\HangryHub.OrderService.Core.csproj", "{D00DD94B-649D-496C-94A7-45E8373D6EB4}"
EndProject
Project("{9A19103F-16F7-4668-BE54-9A1E7A4F7556}") = "HangryHub.OrderService.API", "Backend\HangryHub.OrderService\HangryHub.OrderService.API\HangryHub.OrderService.API.csproj", "{16E78867-6DB0-4527-9D1F-D0CF33FBC307}"
EndProject
Project("{9A19103F-16F7-4668-BE54-9A1E7A4F7556}") = "HangryHub.OderService.UseCases", "Backend\HangryHub.OrderService\HangryHub.OderService.UseCases\HangryHub.OderService.UseCases.csproj", "{B0302EF4-82E6-4124-AF66-E263924280A2}"
EndProject
Project("{9A19103F-16F7-4668-BE54-9A1E7A4F7556}") = "HangryHub.OrderService.Infrastructure", "Backend\HangryHub.OrderService\HangryHub.OrderService.Infrastructure\HangryHub.OrderService.Infrastructure.csproj", "{05455C85-037D-4E28-8003-1C52099D1551}"
EndProject
Project("{9A19103F-16F7-4668-BE54-9A1E7A4F7556}") = "HangryHub.MainService.Domain", "Backend\HangryHub.MainService\HangryHub.MainService.Domain\HangryHub.MainService.Domain.csproj", "{602CE65C-87DD-483C-8322-D286A2253D41}"
EndProject
Project("{9A19103F-16F7-4668-BE54-9A1E7A4F7556}") = "HangryHub.MainService.Application", "Backend\HangryHub.MainService\HangryHub.MainService.Application\HangryHub.MainService.Application.csproj", "{E2B94480-33F9-40D5-A9E6-F82BBB7F8312}"
EndProject
Project("{9A19103F-16F7-4668-BE54-9A1E7A4F7556}") = "HangryHub.MainService.Infrastructure", "Backend\HangryHub.MainService\HangryHub.MainService.Infrastructure\HangryHub.MainService.Infrastructure.csproj", "{E65B9520-FDB0-4E99-B1E8-772AFD2A59CB}"
EndProject
Project("{9A19103F-16F7-4668-BE54-9A1E7A4F7556}") = "HangryHub.MainService.API", "Backend\HangryHub.MainService\HangryHub.MainService.API\HangryHub.MainService.API.csproj", "{393CBC6D-18E1-445E-AC26-9269A6D9941F}"
EndProject
Project("{2150E333-8FDC-42A3-9474-1A3956D46DE8}") = "Solution Items", "Solution Items", "{66EF6AA7-55FE-468B-A7DB-39D8B418B865}"
EndProject
Project("{9A19103F-16F7-4668-BE54-9A1E7A4F7556}") = "HangryHub.OrderService.Contracts", "Backend\HangryHub.OrderService\HangryHub.OrderService.Contracts\HangryHub.OrderService.Contracts.csproj", "{B5B5AA7E-2CE8-43FD-94EC-CC4B67E68A7D}"
EndProject
Project("{E53339B2-1760-4266-BCC7-CA923CBCF16C}") = "docker-compose", "docker-compose.dcproj", "{A6A68ED9-4D6E-4029-8F20-3C22B24AEA7A}"
EndProject
Project("{FAE04EC0-301F-11D3-BF4B-00C04F79EFBC}") = "HangryHub.MainService.Contracts", "Backend\HangryHub.MainService\HangryHub.MainService.Contracts\HangryHub.MainService.Contracts.csproj", "{7E72FCEB-8955-497D-80D5-D0F258C82235}"
EndProject
Global
	GlobalSection(SolutionConfigurationPlatforms) = preSolution
		Debug|Any CPU = Debug|Any CPU
		Release|Any CPU = Release|Any CPU
	EndGlobalSection
	GlobalSection(ProjectConfigurationPlatforms) = postSolution
		{1A505E64-A032-4F1A-9FC6-29EB53A659C8}.Debug|Any CPU.ActiveCfg = Debug|Any CPU
		{1A505E64-A032-4F1A-9FC6-29EB53A659C8}.Debug|Any CPU.Build.0 = Debug|Any CPU
		{1A505E64-A032-4F1A-9FC6-29EB53A659C8}.Release|Any CPU.ActiveCfg = Release|Any CPU
		{1A505E64-A032-4F1A-9FC6-29EB53A659C8}.Release|Any CPU.Build.0 = Release|Any CPU
		{AAE908D8-7AB9-4653-9BF3-91A4A22144F3}.Debug|Any CPU.ActiveCfg = Debug|Any CPU
		{AAE908D8-7AB9-4653-9BF3-91A4A22144F3}.Debug|Any CPU.Build.0 = Debug|Any CPU
		{AAE908D8-7AB9-4653-9BF3-91A4A22144F3}.Release|Any CPU.ActiveCfg = Release|Any CPU
		{AAE908D8-7AB9-4653-9BF3-91A4A22144F3}.Release|Any CPU.Build.0 = Release|Any CPU
		{93D3F45E-5104-45BB-8865-CB610E10569C}.Debug|Any CPU.ActiveCfg = Debug|Any CPU
		{93D3F45E-5104-45BB-8865-CB610E10569C}.Debug|Any CPU.Build.0 = Debug|Any CPU
		{93D3F45E-5104-45BB-8865-CB610E10569C}.Release|Any CPU.ActiveCfg = Release|Any CPU
		{93D3F45E-5104-45BB-8865-CB610E10569C}.Release|Any CPU.Build.0 = Release|Any CPU
		{3AE916BF-FD09-4675-9F6B-88D20402D718}.Debug|Any CPU.ActiveCfg = Debug|Any CPU
		{3AE916BF-FD09-4675-9F6B-88D20402D718}.Debug|Any CPU.Build.0 = Debug|Any CPU
		{3AE916BF-FD09-4675-9F6B-88D20402D718}.Release|Any CPU.ActiveCfg = Release|Any CPU
		{3AE916BF-FD09-4675-9F6B-88D20402D718}.Release|Any CPU.Build.0 = Release|Any CPU
		{133FAE2B-FC6E-40F7-BC5B-AE95468CDE73}.Debug|Any CPU.ActiveCfg = Debug|Any CPU
		{133FAE2B-FC6E-40F7-BC5B-AE95468CDE73}.Debug|Any CPU.Build.0 = Debug|Any CPU
		{133FAE2B-FC6E-40F7-BC5B-AE95468CDE73}.Release|Any CPU.ActiveCfg = Release|Any CPU
		{133FAE2B-FC6E-40F7-BC5B-AE95468CDE73}.Release|Any CPU.Build.0 = Release|Any CPU
		{F35F23B2-139C-4BF7-9FC0-935CBB1CC543}.Debug|Any CPU.ActiveCfg = Debug|Any CPU
		{F35F23B2-139C-4BF7-9FC0-935CBB1CC543}.Debug|Any CPU.Build.0 = Debug|Any CPU
		{F35F23B2-139C-4BF7-9FC0-935CBB1CC543}.Release|Any CPU.ActiveCfg = Release|Any CPU
		{F35F23B2-139C-4BF7-9FC0-935CBB1CC543}.Release|Any CPU.Build.0 = Release|Any CPU
		{C06A75BE-44F3-4587-9B18-C8B46ACA9724}.Debug|Any CPU.ActiveCfg = Debug|Any CPU
		{C06A75BE-44F3-4587-9B18-C8B46ACA9724}.Debug|Any CPU.Build.0 = Debug|Any CPU
		{C06A75BE-44F3-4587-9B18-C8B46ACA9724}.Release|Any CPU.ActiveCfg = Release|Any CPU
		{C06A75BE-44F3-4587-9B18-C8B46ACA9724}.Release|Any CPU.Build.0 = Release|Any CPU
		{4ED2BB0E-1D2F-4373-AF50-2E668E215778}.Debug|Any CPU.ActiveCfg = Debug|Any CPU
		{4ED2BB0E-1D2F-4373-AF50-2E668E215778}.Debug|Any CPU.Build.0 = Debug|Any CPU
		{4ED2BB0E-1D2F-4373-AF50-2E668E215778}.Release|Any CPU.ActiveCfg = Release|Any CPU
		{4ED2BB0E-1D2F-4373-AF50-2E668E215778}.Release|Any CPU.Build.0 = Release|Any CPU
		{2C022B5C-280E-4A9B-AFE9-E20617AC80AA}.Debug|Any CPU.ActiveCfg = Debug|Any CPU
		{2C022B5C-280E-4A9B-AFE9-E20617AC80AA}.Debug|Any CPU.Build.0 = Debug|Any CPU
		{2C022B5C-280E-4A9B-AFE9-E20617AC80AA}.Release|Any CPU.ActiveCfg = Release|Any CPU
		{2C022B5C-280E-4A9B-AFE9-E20617AC80AA}.Release|Any CPU.Build.0 = Release|Any CPU
		{517FF4EC-E9FC-4ABD-91EB-132D14516DD3}.Debug|Any CPU.ActiveCfg = Debug|Any CPU
		{517FF4EC-E9FC-4ABD-91EB-132D14516DD3}.Debug|Any CPU.Build.0 = Debug|Any CPU
		{517FF4EC-E9FC-4ABD-91EB-132D14516DD3}.Release|Any CPU.ActiveCfg = Release|Any CPU
		{517FF4EC-E9FC-4ABD-91EB-132D14516DD3}.Release|Any CPU.Build.0 = Release|Any CPU
		{D00DD94B-649D-496C-94A7-45E8373D6EB4}.Debug|Any CPU.ActiveCfg = Debug|Any CPU
		{D00DD94B-649D-496C-94A7-45E8373D6EB4}.Debug|Any CPU.Build.0 = Debug|Any CPU
		{D00DD94B-649D-496C-94A7-45E8373D6EB4}.Release|Any CPU.ActiveCfg = Release|Any CPU
		{D00DD94B-649D-496C-94A7-45E8373D6EB4}.Release|Any CPU.Build.0 = Release|Any CPU
		{16E78867-6DB0-4527-9D1F-D0CF33FBC307}.Debug|Any CPU.ActiveCfg = Debug|Any CPU
		{16E78867-6DB0-4527-9D1F-D0CF33FBC307}.Debug|Any CPU.Build.0 = Debug|Any CPU
		{16E78867-6DB0-4527-9D1F-D0CF33FBC307}.Release|Any CPU.ActiveCfg = Release|Any CPU
		{16E78867-6DB0-4527-9D1F-D0CF33FBC307}.Release|Any CPU.Build.0 = Release|Any CPU
		{B0302EF4-82E6-4124-AF66-E263924280A2}.Debug|Any CPU.ActiveCfg = Debug|Any CPU
		{B0302EF4-82E6-4124-AF66-E263924280A2}.Debug|Any CPU.Build.0 = Debug|Any CPU
		{B0302EF4-82E6-4124-AF66-E263924280A2}.Release|Any CPU.ActiveCfg = Release|Any CPU
		{B0302EF4-82E6-4124-AF66-E263924280A2}.Release|Any CPU.Build.0 = Release|Any CPU
		{05455C85-037D-4E28-8003-1C52099D1551}.Debug|Any CPU.ActiveCfg = Debug|Any CPU
		{05455C85-037D-4E28-8003-1C52099D1551}.Debug|Any CPU.Build.0 = Debug|Any CPU
		{05455C85-037D-4E28-8003-1C52099D1551}.Release|Any CPU.ActiveCfg = Release|Any CPU
		{05455C85-037D-4E28-8003-1C52099D1551}.Release|Any CPU.Build.0 = Release|Any CPU
		{602CE65C-87DD-483C-8322-D286A2253D41}.Debug|Any CPU.ActiveCfg = Debug|Any CPU
		{602CE65C-87DD-483C-8322-D286A2253D41}.Debug|Any CPU.Build.0 = Debug|Any CPU
		{602CE65C-87DD-483C-8322-D286A2253D41}.Release|Any CPU.ActiveCfg = Release|Any CPU
		{602CE65C-87DD-483C-8322-D286A2253D41}.Release|Any CPU.Build.0 = Release|Any CPU
		{E2B94480-33F9-40D5-A9E6-F82BBB7F8312}.Debug|Any CPU.ActiveCfg = Debug|Any CPU
		{E2B94480-33F9-40D5-A9E6-F82BBB7F8312}.Debug|Any CPU.Build.0 = Debug|Any CPU
		{E2B94480-33F9-40D5-A9E6-F82BBB7F8312}.Release|Any CPU.ActiveCfg = Release|Any CPU
		{E2B94480-33F9-40D5-A9E6-F82BBB7F8312}.Release|Any CPU.Build.0 = Release|Any CPU
		{E65B9520-FDB0-4E99-B1E8-772AFD2A59CB}.Debug|Any CPU.ActiveCfg = Debug|Any CPU
		{E65B9520-FDB0-4E99-B1E8-772AFD2A59CB}.Debug|Any CPU.Build.0 = Debug|Any CPU
		{E65B9520-FDB0-4E99-B1E8-772AFD2A59CB}.Release|Any CPU.ActiveCfg = Release|Any CPU
		{E65B9520-FDB0-4E99-B1E8-772AFD2A59CB}.Release|Any CPU.Build.0 = Release|Any CPU
		{393CBC6D-18E1-445E-AC26-9269A6D9941F}.Debug|Any CPU.ActiveCfg = Debug|Any CPU
		{393CBC6D-18E1-445E-AC26-9269A6D9941F}.Debug|Any CPU.Build.0 = Debug|Any CPU
		{393CBC6D-18E1-445E-AC26-9269A6D9941F}.Release|Any CPU.ActiveCfg = Release|Any CPU
		{393CBC6D-18E1-445E-AC26-9269A6D9941F}.Release|Any CPU.Build.0 = Release|Any CPU
		{B5B5AA7E-2CE8-43FD-94EC-CC4B67E68A7D}.Debug|Any CPU.ActiveCfg = Debug|Any CPU
		{B5B5AA7E-2CE8-43FD-94EC-CC4B67E68A7D}.Debug|Any CPU.Build.0 = Debug|Any CPU
		{B5B5AA7E-2CE8-43FD-94EC-CC4B67E68A7D}.Release|Any CPU.ActiveCfg = Release|Any CPU
		{B5B5AA7E-2CE8-43FD-94EC-CC4B67E68A7D}.Release|Any CPU.Build.0 = Release|Any CPU
		{A6A68ED9-4D6E-4029-8F20-3C22B24AEA7A}.Debug|Any CPU.ActiveCfg = Debug|Any CPU
		{A6A68ED9-4D6E-4029-8F20-3C22B24AEA7A}.Debug|Any CPU.Build.0 = Debug|Any CPU
		{A6A68ED9-4D6E-4029-8F20-3C22B24AEA7A}.Release|Any CPU.ActiveCfg = Release|Any CPU
		{A6A68ED9-4D6E-4029-8F20-3C22B24AEA7A}.Release|Any CPU.Build.0 = Release|Any CPU
		{7E72FCEB-8955-497D-80D5-D0F258C82235}.Debug|Any CPU.ActiveCfg = Debug|Any CPU
		{7E72FCEB-8955-497D-80D5-D0F258C82235}.Debug|Any CPU.Build.0 = Debug|Any CPU
		{7E72FCEB-8955-497D-80D5-D0F258C82235}.Release|Any CPU.ActiveCfg = Release|Any CPU
		{7E72FCEB-8955-497D-80D5-D0F258C82235}.Release|Any CPU.Build.0 = Release|Any CPU
	EndGlobalSection
	GlobalSection(SolutionProperties) = preSolution
		HideSolutionNode = FALSE
	EndGlobalSection
	GlobalSection(NestedProjects) = preSolution
		{D6F8F2D1-2BB0-4EE9-9C9C-1CC8E98ED8B2} = {959889CC-2328-4BF2-914F-626CFC41E967}
		{0D4ADA4F-0691-495A-8E7B-02281F43DD55} = {959889CC-2328-4BF2-914F-626CFC41E967}
		{637717A4-8B45-4F5E-9DF9-4B42505B0A08} = {959889CC-2328-4BF2-914F-626CFC41E967}
		{CAB15C38-DC80-40FA-8C99-5AB5BEE8B373} = {959889CC-2328-4BF2-914F-626CFC41E967}
		{1A505E64-A032-4F1A-9FC6-29EB53A659C8} = {CAB15C38-DC80-40FA-8C99-5AB5BEE8B373}
		{AAE908D8-7AB9-4653-9BF3-91A4A22144F3} = {CAB15C38-DC80-40FA-8C99-5AB5BEE8B373}
		{93D3F45E-5104-45BB-8865-CB610E10569C} = {CAB15C38-DC80-40FA-8C99-5AB5BEE8B373}
		{3AE916BF-FD09-4675-9F6B-88D20402D718} = {CAB15C38-DC80-40FA-8C99-5AB5BEE8B373}
		{133FAE2B-FC6E-40F7-BC5B-AE95468CDE73} = {CAB15C38-DC80-40FA-8C99-5AB5BEE8B373}
		{F35F23B2-139C-4BF7-9FC0-935CBB1CC543} = {CAB15C38-DC80-40FA-8C99-5AB5BEE8B373}
		{C06A75BE-44F3-4587-9B18-C8B46ACA9724} = {D6F8F2D1-2BB0-4EE9-9C9C-1CC8E98ED8B2}
		{4ED2BB0E-1D2F-4373-AF50-2E668E215778} = {D6F8F2D1-2BB0-4EE9-9C9C-1CC8E98ED8B2}
		{2C022B5C-280E-4A9B-AFE9-E20617AC80AA} = {D6F8F2D1-2BB0-4EE9-9C9C-1CC8E98ED8B2}
		{517FF4EC-E9FC-4ABD-91EB-132D14516DD3} = {D6F8F2D1-2BB0-4EE9-9C9C-1CC8E98ED8B2}
		{D00DD94B-649D-496C-94A7-45E8373D6EB4} = {637717A4-8B45-4F5E-9DF9-4B42505B0A08}
		{16E78867-6DB0-4527-9D1F-D0CF33FBC307} = {637717A4-8B45-4F5E-9DF9-4B42505B0A08}
		{B0302EF4-82E6-4124-AF66-E263924280A2} = {637717A4-8B45-4F5E-9DF9-4B42505B0A08}
		{05455C85-037D-4E28-8003-1C52099D1551} = {637717A4-8B45-4F5E-9DF9-4B42505B0A08}
		{602CE65C-87DD-483C-8322-D286A2253D41} = {0D4ADA4F-0691-495A-8E7B-02281F43DD55}
		{E2B94480-33F9-40D5-A9E6-F82BBB7F8312} = {0D4ADA4F-0691-495A-8E7B-02281F43DD55}
		{E65B9520-FDB0-4E99-B1E8-772AFD2A59CB} = {0D4ADA4F-0691-495A-8E7B-02281F43DD55}
		{393CBC6D-18E1-445E-AC26-9269A6D9941F} = {0D4ADA4F-0691-495A-8E7B-02281F43DD55}
		{B5B5AA7E-2CE8-43FD-94EC-CC4B67E68A7D} = {637717A4-8B45-4F5E-9DF9-4B42505B0A08}
		{7E72FCEB-8955-497D-80D5-D0F258C82235} = {0D4ADA4F-0691-495A-8E7B-02281F43DD55}
	EndGlobalSection
	GlobalSection(ExtensibilityGlobals) = postSolution
		SolutionGuid = {B14D0B25-791C-498D-B810-E2AB7E73BD9B}
	EndGlobalSection
EndGlobal
